
Microsoft Visual Studio Solution File, Format Version 12.00
# Visual Studio Version 17
VisualStudioVersion = 17.0.32014.148
MinimumVisualStudioVersion = 10.0.40219.1
Project("{FAE04EC0-301F-11D3-BF4B-00C04F79EFBC}") = "BookingApi", "BookingApi\BookingApi.csproj", "{D76F52E6-2FBC-4275-B218-5D48EE7C01EA}"
EndProject
Project("{FAE04EC0-301F-11D3-BF4B-00C04F79EFBC}") = "BookingApiTest", "BookingApiTest\BookingApiTest.csproj", "{86049557-2B13-47D3-ABB7-301F40E638C7}"
EndProject
Global
	GlobalSection(SolutionConfigurationPlatforms) = preSolution
		Debug|Any CPU = Debug|Any CPU
		Release|Any CPU = Release|Any CPU
	EndGlobalSection
	GlobalSection(ProjectConfigurationPlatforms) = postSolution
		{D76F52E6-2FBC-4275-B218-5D48EE7C01EA}.Debug|Any CPU.ActiveCfg = Debug|Any CPU
		{D76F52E6-2FBC-4275-B218-5D48EE7C01EA}.Debug|Any CPU.Build.0 = Debug|Any CPU
		{D76F52E6-2FBC-4275-B218-5D48EE7C01EA}.Release|Any CPU.ActiveCfg = Release|Any CPU
		{D76F52E6-2FBC-4275-B218-5D48EE7C01EA}.Release|Any CPU.Build.0 = Release|Any CPU
		{86049557-2B13-47D3-ABB7-301F40E638C7}.Debug|Any CPU.ActiveCfg = Debug|Any CPU
		{86049557-2B13-47D3-ABB7-301F40E638C7}.Debug|Any CPU.Build.0 = Debug|Any CPU
		{86049557-2B13-47D3-ABB7-301F40E638C7}.Release|Any CPU.ActiveCfg = Release|Any CPU
		{86049557-2B13-47D3-ABB7-301F40E638C7}.Release|Any CPU.Build.0 = Release|Any CPU
	EndGlobalSection
	GlobalSection(SolutionProperties) = preSolution
		HideSolutionNode = FALSE
	EndGlobalSection
	GlobalSection(ExtensibilityGlobals) = postSolution
		SolutionGuid = {B2FC3F21-25F4-4503-8245-DCDE8E08224B}
	EndGlobalSection
EndGlobal
